
Microsoft Visual Studio Solution File, Format Version 12.00
# Visual Studio Version 17
VisualStudioVersion = 17.3.32804.467
MinimumVisualStudioVersion = 10.0.40219.1
Project("{9A19103F-16F7-4668-BE54-9A1E7A4F7556}") = "NewCustomerPublisher", "NewCustomerPublisher\NewCustomerPublisher.csproj", "{3CB100F7-08CF-43D0-8175-C1C8CC8367A9}"
EndProject
Project("{2150E333-8FDC-42A3-9474-1A3956D46DE8}") = "CustomerService", "CustomerService", "{81C3BF6A-1053-4D2D-96FB-4E6B591F3409}"
EndProject
Project("{2150E333-8FDC-42A3-9474-1A3956D46DE8}") = "MembershipService", "MembershipService", "{138EDF30-E64B-4F5B-9EA6-5337F6812618}"
EndProject
Project("{FAE04EC0-301F-11D3-BF4B-00C04F79EFBC}") = "MembershipAssignPoints", "MembershipAssignPoints\MembershipAssignPoints.csproj", "{BF95A8FA-30A2-4859-8725-3DBD43373A9C}"
EndProject
Project("{FAE04EC0-301F-11D3-BF4B-00C04F79EFBC}") = "MembershipSendWelcomeEmail", "MembershipSendWelcomeEmail\MembershipSendWelcomeEmail.csproj", "{95B1B5CF-2522-464D-A56A-9B1E6A479756}"
EndProject
Project("{FAE04EC0-301F-11D3-BF4B-00C04F79EFBC}") = "MembershipUpdateAnalytics", "MembershipUpdateAnalytics\MembershipUpdateAnalytics.csproj", "{203B60EE-74B2-45FE-A798-EDE6B468D6B4}"
EndProject
Global
	GlobalSection(SolutionConfigurationPlatforms) = preSolution
		Debug|Any CPU = Debug|Any CPU
		Release|Any CPU = Release|Any CPU
	EndGlobalSection
	GlobalSection(ProjectConfigurationPlatforms) = postSolution
		{3CB100F7-08CF-43D0-8175-C1C8CC8367A9}.Debug|Any CPU.ActiveCfg = Debug|Any CPU
		{3CB100F7-08CF-43D0-8175-C1C8CC8367A9}.Debug|Any CPU.Build.0 = Debug|Any CPU
		{3CB100F7-08CF-43D0-8175-C1C8CC8367A9}.Release|Any CPU.ActiveCfg = Release|Any CPU
		{3CB100F7-08CF-43D0-8175-C1C8CC8367A9}.Release|Any CPU.Build.0 = Release|Any CPU
		{BF95A8FA-30A2-4859-8725-3DBD43373A9C}.Debug|Any CPU.ActiveCfg = Debug|Any CPU
		{BF95A8FA-30A2-4859-8725-3DBD43373A9C}.Debug|Any CPU.Build.0 = Debug|Any CPU
		{BF95A8FA-30A2-4859-8725-3DBD43373A9C}.Release|Any CPU.ActiveCfg = Release|Any CPU
		{BF95A8FA-30A2-4859-8725-3DBD43373A9C}.Release|Any CPU.Build.0 = Release|Any CPU
		{95B1B5CF-2522-464D-A56A-9B1E6A479756}.Debug|Any CPU.ActiveCfg = Debug|Any CPU
		{95B1B5CF-2522-464D-A56A-9B1E6A479756}.Debug|Any CPU.Build.0 = Debug|Any CPU
		{95B1B5CF-2522-464D-A56A-9B1E6A479756}.Release|Any CPU.ActiveCfg = Release|Any CPU
		{95B1B5CF-2522-464D-A56A-9B1E6A479756}.Release|Any CPU.Build.0 = Release|Any CPU
		{203B60EE-74B2-45FE-A798-EDE6B468D6B4}.Debug|Any CPU.ActiveCfg = Debug|Any CPU
		{203B60EE-74B2-45FE-A798-EDE6B468D6B4}.Debug|Any CPU.Build.0 = Debug|Any CPU
		{203B60EE-74B2-45FE-A798-EDE6B468D6B4}.Release|Any CPU.ActiveCfg = Release|Any CPU
		{203B60EE-74B2-45FE-A798-EDE6B468D6B4}.Release|Any CPU.Build.0 = Release|Any CPU
	EndGlobalSection
	GlobalSection(SolutionProperties) = preSolution
		HideSolutionNode = FALSE
	EndGlobalSection
	GlobalSection(NestedProjects) = preSolution
		{3CB100F7-08CF-43D0-8175-C1C8CC8367A9} = {81C3BF6A-1053-4D2D-96FB-4E6B591F3409}
		{BF95A8FA-30A2-4859-8725-3DBD43373A9C} = {138EDF30-E64B-4F5B-9EA6-5337F6812618}
		{95B1B5CF-2522-464D-A56A-9B1E6A479756} = {138EDF30-E64B-4F5B-9EA6-5337F6812618}
		{203B60EE-74B2-45FE-A798-EDE6B468D6B4} = {138EDF30-E64B-4F5B-9EA6-5337F6812618}
	EndGlobalSection
	GlobalSection(ExtensibilityGlobals) = postSolution
		SolutionGuid = {FD1CF4CC-DC89-409C-BE3F-8B1042759197}
	EndGlobalSection
EndGlobal
